
Microsoft Visual Studio Solution File, Format Version 12.00
# Visual Studio 15
VisualStudioVersion = 15.0.27703.2047
MinimumVisualStudioVersion = 10.0.40219.1
Project("{FAE04EC0-301F-11D3-BF4B-00C04F79EFBC}") = "Console", "Console\Console.csproj", "{01DE44C8-E020-4E79-A64A-9266244A592E}"
EndProject
Global
	GlobalSection(SolutionConfigurationPlatforms) = preSolution
		Debug|Any CPU = Debug|Any CPU
		Release|Any CPU = Release|Any CPU
	EndGlobalSection
	GlobalSection(ProjectConfigurationPlatforms) = postSolution
		{01DE44C8-E020-4E79-A64A-9266244A592E}.Debug|Any CPU.ActiveCfg = Debug|Any CPU
		{01DE44C8-E020-4E79-A64A-9266244A592E}.Debug|Any CPU.Build.0 = Debug|Any CPU
		{01DE44C8-E020-4E79-A64A-9266244A592E}.Release|Any CPU.ActiveCfg = Release|Any CPU
		{01DE44C8-E020-4E79-A64A-9266244A592E}.Release|Any CPU.Build.0 = Release|Any CPU
	EndGlobalSection
	GlobalSection(SolutionProperties) = preSolution
		HideSolutionNode = FALSE
	EndGlobalSection
	GlobalSection(ExtensibilityGlobals) = postSolution
		SolutionGuid = {0499AC10-9923-4109-97D9-F014FDB6B09C}
	EndGlobalSection
EndGlobal
